
Microsoft Visual Studio Solution File, Format Version 12.00
# Visual Studio 2012
Project("{FAE04EC0-301F-11D3-BF4B-00C04F79EFBC}") = "mapsIntegration", "mapsIntegration\mapsIntegration.csproj", "{021BA316-4167-454F-96D1-A57FA34D79BB}"
EndProject
Project("{FAE04EC0-301F-11D3-BF4B-00C04F79EFBC}") = "mapsIntegration.iOS", "iOS\mapsIntegration.iOS.csproj", "{96E339C9-618D-43CE-9026-D1BB77463113}"
EndProject
Project("{FAE04EC0-301F-11D3-BF4B-00C04F79EFBC}") = "mapsIntegration.Droid", "Droid\mapsIntegration.Droid.csproj", "{C2B078DA-CB17-45F9-8431-4D5592D50EBD}"
EndProject
Global
	GlobalSection(SolutionConfigurationPlatforms) = preSolution
		Debug|Any CPU = Debug|Any CPU
		Release|Any CPU = Release|Any CPU
		Debug|iPhoneSimulator = Debug|iPhoneSimulator
		Release|iPhone = Release|iPhone
		Release|iPhoneSimulator = Release|iPhoneSimulator
		Debug|iPhone = Debug|iPhone
	EndGlobalSection
	GlobalSection(ProjectConfigurationPlatforms) = postSolution
		{021BA316-4167-454F-96D1-A57FA34D79BB}.Debug|Any CPU.ActiveCfg = Debug|Any CPU
		{021BA316-4167-454F-96D1-A57FA34D79BB}.Debug|Any CPU.Build.0 = Debug|Any CPU
		{021BA316-4167-454F-96D1-A57FA34D79BB}.Release|Any CPU.ActiveCfg = Release|Any CPU
		{021BA316-4167-454F-96D1-A57FA34D79BB}.Release|Any CPU.Build.0 = Release|Any CPU
		{021BA316-4167-454F-96D1-A57FA34D79BB}.Debug|iPhoneSimulator.ActiveCfg = Debug|Any CPU
		{021BA316-4167-454F-96D1-A57FA34D79BB}.Debug|iPhoneSimulator.Build.0 = Debug|Any CPU
		{021BA316-4167-454F-96D1-A57FA34D79BB}.Release|iPhone.ActiveCfg = Release|Any CPU
		{021BA316-4167-454F-96D1-A57FA34D79BB}.Release|iPhone.Build.0 = Release|Any CPU
		{021BA316-4167-454F-96D1-A57FA34D79BB}.Release|iPhoneSimulator.ActiveCfg = Release|Any CPU
		{021BA316-4167-454F-96D1-A57FA34D79BB}.Release|iPhoneSimulator.Build.0 = Release|Any CPU
		{021BA316-4167-454F-96D1-A57FA34D79BB}.Debug|iPhone.ActiveCfg = Debug|Any CPU
		{021BA316-4167-454F-96D1-A57FA34D79BB}.Debug|iPhone.Build.0 = Debug|Any CPU
		{96E339C9-618D-43CE-9026-D1BB77463113}.Debug|Any CPU.ActiveCfg = Debug|iPhoneSimulator
		{96E339C9-618D-43CE-9026-D1BB77463113}.Debug|Any CPU.Build.0 = Debug|iPhoneSimulator
		{96E339C9-618D-43CE-9026-D1BB77463113}.Release|Any CPU.ActiveCfg = Release|iPhone
		{96E339C9-618D-43CE-9026-D1BB77463113}.Release|Any CPU.Build.0 = Release|iPhone
		{96E339C9-618D-43CE-9026-D1BB77463113}.Debug|iPhoneSimulator.ActiveCfg = Debug|iPhoneSimulator
		{96E339C9-618D-43CE-9026-D1BB77463113}.Debug|iPhoneSimulator.Build.0 = Debug|iPhoneSimulator
		{96E339C9-618D-43CE-9026-D1BB77463113}.Release|iPhone.ActiveCfg = Release|iPhone
		{96E339C9-618D-43CE-9026-D1BB77463113}.Release|iPhone.Build.0 = Release|iPhone
		{96E339C9-618D-43CE-9026-D1BB77463113}.Release|iPhoneSimulator.ActiveCfg = Release|iPhoneSimulator
		{96E339C9-618D-43CE-9026-D1BB77463113}.Release|iPhoneSimulator.Build.0 = Release|iPhoneSimulator
		{96E339C9-618D-43CE-9026-D1BB77463113}.Debug|iPhone.ActiveCfg = Debug|iPhone
		{96E339C9-618D-43CE-9026-D1BB77463113}.Debug|iPhone.Build.0 = Debug|iPhone
		{C2B078DA-CB17-45F9-8431-4D5592D50EBD}.Debug|Any CPU.ActiveCfg = Debug|Any CPU
		{C2B078DA-CB17-45F9-8431-4D5592D50EBD}.Debug|Any CPU.Build.0 = Debug|Any CPU
		{C2B078DA-CB17-45F9-8431-4D5592D50EBD}.Release|Any CPU.ActiveCfg = Release|Any CPU
		{C2B078DA-CB17-45F9-8431-4D5592D50EBD}.Release|Any CPU.Build.0 = Release|Any CPU
		{C2B078DA-CB17-45F9-8431-4D5592D50EBD}.Debug|iPhoneSimulator.ActiveCfg = Debug|Any CPU
		{C2B078DA-CB17-45F9-8431-4D5592D50EBD}.Debug|iPhoneSimulator.Build.0 = Debug|Any CPU
		{C2B078DA-CB17-45F9-8431-4D5592D50EBD}.Release|iPhone.ActiveCfg = Release|Any CPU
		{C2B078DA-CB17-45F9-8431-4D5592D50EBD}.Release|iPhone.Build.0 = Release|Any CPU
		{C2B078DA-CB17-45F9-8431-4D5592D50EBD}.Release|iPhoneSimulator.ActiveCfg = Release|Any CPU
		{C2B078DA-CB17-45F9-8431-4D5592D50EBD}.Release|iPhoneSimulator.Build.0 = Release|Any CPU
		{C2B078DA-CB17-45F9-8431-4D5592D50EBD}.Debug|iPhone.ActiveCfg = Debug|Any CPU
		{C2B078DA-CB17-45F9-8431-4D5592D50EBD}.Debug|iPhone.Build.0 = Debug|Any CPU
	EndGlobalSection
EndGlobal
